schema: '2.0'
stages:
  data_ingestion:
    cmd: python src/data_ingestion.py
    deps:
    - path: src/data_ingestion.py
      hash: md5
      md5: c5634bfe105ad07e557095e27a02e462
      size: 3543
    params:
      params.yaml:
        data_ingestion.test_size: 0.1
    outs:
    - path: data/raw
      hash: md5
      md5: 8bf85f92b1860a8c4361696d1959b27d.dir
      size: 479272
      nfiles: 2
  data_preprocessing:
    cmd: python src/data_preprocessing.py
    deps:
    - path: data/raw
      hash: md5
      md5: 8bf85f92b1860a8c4361696d1959b27d.dir
      size: 479272
      nfiles: 2
    - path: src/data_preprocessing.py
      hash: md5
      md5: 158130fa3ada2ed96ada460b539d42e9
      size: 3864
    outs:
    - path: data/interim
      hash: md5
      md5: 464a8f7a09bf971cbde1cf97bb78b0dd.dir
      size: 252381
      nfiles: 2
  feature_engineering:
    cmd: python src/feature_engineering.py
    deps:
    - path: data/interim
      hash: md5
      md5: 464a8f7a09bf971cbde1cf97bb78b0dd.dir
      size: 252381
      nfiles: 2
    - path: src/feature_engineering.py
      hash: md5
      md5: 55c838f8b9b24bdf96f0bf4a576fbf73
      size: 3798
    params:
      params.yaml:
        feature_engineering.max_features: 30
    outs:
    - path: data/processed
      hash: md5
      md5: fd4d5ee5ce2bb401aac4ecc57cb2fb9f.dir
      size: 709495
      nfiles: 2
  model_training:
    cmd: python src/model_training.py
    deps:
    - path: data/processed
      hash: md5
      md5: fd4d5ee5ce2bb401aac4ecc57cb2fb9f.dir
      size: 709495
      nfiles: 2
    - path: src/model_training.py
      hash: md5
      md5: 1eca2a353daee98eca988a6da77d09f1
      size: 4347
    params:
      params.yaml:
        model_training.n_estimators: 22
        model_training.random_state: 2
    outs:
    - path: models/model.pkl
      hash: md5
      md5: 647cc52bb7e6dc8536d1b0476e735fed
      size: 637720
  model_evaluation:
    cmd: python src/model_evaluation.py
    deps:
    - path: models/model.pkl
      hash: md5
      md5: 647cc52bb7e6dc8536d1b0476e735fed
      size: 637720
    - path: src/model_evaluation.py
      hash: md5
      md5: 6c94252ddcb3564394b534ec73362e64
      size: 4484
    outs:
    - path: reports/metrics.json
      hash: md5
      md5: ddad769a2deb24e442c955c2ca028d56
      size: 140
