schema: '2.0'
stages:
  data_ingestion:
    cmd: python src/data_ingestion.py
    deps:
    - path: src/data_ingestion.py
      hash: md5
      md5: 0771aa6aa46f1f246542fdcbee49abc3
      size: 2980
    outs:
    - path: data/raw
      hash: md5
      md5: 6a4d11ab83c20d7412f4696595c0b4d1.dir
      size: 479272
      nfiles: 2
  data_preprocessing:
    cmd: python src/data_preprocessing.py
    deps:
    - path: data/raw
      hash: md5
      md5: 6a4d11ab83c20d7412f4696595c0b4d1.dir
      size: 479272
      nfiles: 2
    - path: src/data_preprocessing.py
      hash: md5
      md5: 158130fa3ada2ed96ada460b539d42e9
      size: 3864
    outs:
    - path: data/interim
      hash: md5
      md5: d3f80ea917209a657caed01201ee2780.dir
      size: 254818
      nfiles: 2
  feature_engineering:
    cmd: python src/feature_engineering.py
    deps:
    - path: data/interim
      hash: md5
      md5: d3f80ea917209a657caed01201ee2780.dir
      size: 254818
      nfiles: 2
    - path: src/feature_engineering.py
      hash: md5
      md5: b62982ac8f42b5bbe85279fb573f8e21
      size: 3800
    outs:
    - path: data/processed
      hash: md5
      md5: 8e4977745afdaf579231997cb6c4f717.dir
      size: 1174788
      nfiles: 2
  model_training:
    cmd: python src/model_training.py
    deps:
    - path: data/processed
      hash: md5
      md5: 8e4977745afdaf579231997cb6c4f717.dir
      size: 1174788
      nfiles: 2
    - path: src/model_training.py
      hash: md5
      md5: 740edc0d602634797bcbe81a9b0e4a3d
      size: 4347
    outs:
    - path: models/model.pkl
      hash: md5
      md5: 821922467984730693151bab2115d06c
      size: 899380
  model_evaluation:
    cmd: python src/model_evaluation.py
    deps:
    - path: models/model.pkl
      hash: md5
      md5: 821922467984730693151bab2115d06c
      size: 899380
    - path: src/model_evaluation.py
      hash: md5
      md5: f616b19411c03d63e384a7cdc150438b
      size: 4516
    outs:
    - path: reports/metrics.json
      hash: md5
      md5: b5787b27ec5636c84a4468953782b599
      size: 140
